
Microsoft Visual Studio Solution File, Format Version 12.00
Project("{FAE04EC0-301F-11D3-BF4B-00C04F79EFBC}") = "BitsAndBobs.ServiceDefaults", "BitsAndBobs.ServiceDefaults/BitsAndBobs.ServiceDefaults.csproj", "{41D0F159-622B-4035-AC5E-0398829632CD}"
EndProject
Project("{FAE04EC0-301F-11D3-BF4B-00C04F79EFBC}") = "BitsAndBobs.AppHost", "BitsAndBobs.AppHost\BitsAndBobs.AppHost.csproj", "{BCF51D2D-F1D7-489A-84FA-D86BEBB397B3}"
EndProject
Project("{FAE04EC0-301F-11D3-BF4B-00C04F79EFBC}") = "BitsAndBobs.Api", "BitsAndBobs.Api\BitsAndBobs.Api.csproj", "{4583FAAE-AB11-4F4D-9A26-8C7544222AA5}"
EndProject
Project("{FAE04EC0-301F-11D3-BF4B-00C04F79EFBC}") = "BitsAndBobs.Api.Tests", "BitsAndBobs.Api.Tests\BitsAndBobs.Api.Tests.csproj", "{EE50E352-EAEA-4657-9788-3E858179B98B}"
EndProject
Global
	GlobalSection(SolutionConfigurationPlatforms) = preSolution
		Debug|Any CPU = Debug|Any CPU
		Release|Any CPU = Release|Any CPU
	EndGlobalSection
	GlobalSection(ProjectConfigurationPlatforms) = postSolution
		{41D0F159-622B-4035-AC5E-0398829632CD}.Debug|Any CPU.ActiveCfg = Debug|Any CPU
		{41D0F159-622B-4035-AC5E-0398829632CD}.Debug|Any CPU.Build.0 = Debug|Any CPU
		{41D0F159-622B-4035-AC5E-0398829632CD}.Release|Any CPU.ActiveCfg = Release|Any CPU
		{41D0F159-622B-4035-AC5E-0398829632CD}.Release|Any CPU.Build.0 = Release|Any CPU
		{BCF51D2D-F1D7-489A-84FA-D86BEBB397B3}.Debug|Any CPU.ActiveCfg = Debug|Any CPU
		{BCF51D2D-F1D7-489A-84FA-D86BEBB397B3}.Debug|Any CPU.Build.0 = Debug|Any CPU
		{BCF51D2D-F1D7-489A-84FA-D86BEBB397B3}.Release|Any CPU.ActiveCfg = Release|Any CPU
		{BCF51D2D-F1D7-489A-84FA-D86BEBB397B3}.Release|Any CPU.Build.0 = Release|Any CPU
		{4583FAAE-AB11-4F4D-9A26-8C7544222AA5}.Debug|Any CPU.ActiveCfg = Debug|Any CPU
		{4583FAAE-AB11-4F4D-9A26-8C7544222AA5}.Debug|Any CPU.Build.0 = Debug|Any CPU
		{4583FAAE-AB11-4F4D-9A26-8C7544222AA5}.Release|Any CPU.ActiveCfg = Release|Any CPU
		{4583FAAE-AB11-4F4D-9A26-8C7544222AA5}.Release|Any CPU.Build.0 = Release|Any CPU
		{EE50E352-EAEA-4657-9788-3E858179B98B}.Debug|Any CPU.ActiveCfg = Debug|Any CPU
		{EE50E352-EAEA-4657-9788-3E858179B98B}.Debug|Any CPU.Build.0 = Debug|Any CPU
		{EE50E352-EAEA-4657-9788-3E858179B98B}.Release|Any CPU.ActiveCfg = Release|Any CPU
		{EE50E352-EAEA-4657-9788-3E858179B98B}.Release|Any CPU.Build.0 = Release|Any CPU
	EndGlobalSection
EndGlobal
